
Microsoft Visual Studio Solution File, Format Version 12.00
# Visual Studio Version 17
VisualStudioVersion = 17.0.31903.59
MinimumVisualStudioVersion = 10.0.40219.1
Project("{2150E333-8FDC-42A3-9474-1A3956D46DE8}") = "src", "src", "{11C8D14A-9680-4EAA-B49D-94F5DFD97DA4}"
EndProject
Project("{FAE04EC0-301F-11D3-BF4B-00C04F79EFBC}") = "PediatR", "src\PediatR\PediatR.csproj", "{456F3662-7D34-4959-B86D-882665B3F4CC}"
EndProject
Project("{2150E333-8FDC-42A3-9474-1A3956D46DE8}") = "test", "test", "{92C315EF-FF47-46AD-BEA7-4287F8512DDE}"
EndProject
Project("{FAE04EC0-301F-11D3-BF4B-00C04F79EFBC}") = "PediatR.Tests", "test\PediatR.Tests\PediatR.Tests.csproj", "{9EAB79F0-FB03-46B8-B2BD-3A6900779AD7}"
EndProject
Project("{FAE04EC0-301F-11D3-BF4B-00C04F79EFBC}") = "PediatR.SourceGenerator", "src\PediatR.SourceGenerator\PediatR.SourceGenerator.csproj", "{7559D131-68E2-4EB4-A7A8-C9B6A64D1438}"
EndProject
Global
	GlobalSection(SolutionConfigurationPlatforms) = preSolution
		Debug|Any CPU = Debug|Any CPU
		Debug|x64 = Debug|x64
		Debug|x86 = Debug|x86
		Release|Any CPU = Release|Any CPU
		Release|x64 = Release|x64
		Release|x86 = Release|x86
	EndGlobalSection
	GlobalSection(ProjectConfigurationPlatforms) = postSolution
		{456F3662-7D34-4959-B86D-882665B3F4CC}.Debug|Any CPU.ActiveCfg = Debug|Any CPU
		{456F3662-7D34-4959-B86D-882665B3F4CC}.Debug|Any CPU.Build.0 = Debug|Any CPU
		{456F3662-7D34-4959-B86D-882665B3F4CC}.Debug|x64.ActiveCfg = Debug|Any CPU
		{456F3662-7D34-4959-B86D-882665B3F4CC}.Debug|x64.Build.0 = Debug|Any CPU
		{456F3662-7D34-4959-B86D-882665B3F4CC}.Debug|x86.ActiveCfg = Debug|Any CPU
		{456F3662-7D34-4959-B86D-882665B3F4CC}.Debug|x86.Build.0 = Debug|Any CPU
		{456F3662-7D34-4959-B86D-882665B3F4CC}.Release|Any CPU.ActiveCfg = Release|Any CPU
		{456F3662-7D34-4959-B86D-882665B3F4CC}.Release|Any CPU.Build.0 = Release|Any CPU
		{456F3662-7D34-4959-B86D-882665B3F4CC}.Release|x64.ActiveCfg = Release|Any CPU
		{456F3662-7D34-4959-B86D-882665B3F4CC}.Release|x64.Build.0 = Release|Any CPU
		{456F3662-7D34-4959-B86D-882665B3F4CC}.Release|x86.ActiveCfg = Release|Any CPU
		{456F3662-7D34-4959-B86D-882665B3F4CC}.Release|x86.Build.0 = Release|Any CPU
		{9EAB79F0-FB03-46B8-B2BD-3A6900779AD7}.Debug|Any CPU.ActiveCfg = Debug|Any CPU
		{9EAB79F0-FB03-46B8-B2BD-3A6900779AD7}.Debug|Any CPU.Build.0 = Debug|Any CPU
		{9EAB79F0-FB03-46B8-B2BD-3A6900779AD7}.Debug|x64.ActiveCfg = Debug|Any CPU
		{9EAB79F0-FB03-46B8-B2BD-3A6900779AD7}.Debug|x64.Build.0 = Debug|Any CPU
		{9EAB79F0-FB03-46B8-B2BD-3A6900779AD7}.Debug|x86.ActiveCfg = Debug|Any CPU
		{9EAB79F0-FB03-46B8-B2BD-3A6900779AD7}.Debug|x86.Build.0 = Debug|Any CPU
		{9EAB79F0-FB03-46B8-B2BD-3A6900779AD7}.Release|Any CPU.ActiveCfg = Release|Any CPU
		{9EAB79F0-FB03-46B8-B2BD-3A6900779AD7}.Release|Any CPU.Build.0 = Release|Any CPU
		{9EAB79F0-FB03-46B8-B2BD-3A6900779AD7}.Release|x64.ActiveCfg = Release|Any CPU
		{9EAB79F0-FB03-46B8-B2BD-3A6900779AD7}.Release|x64.Build.0 = Release|Any CPU
		{9EAB79F0-FB03-46B8-B2BD-3A6900779AD7}.Release|x86.ActiveCfg = Release|Any CPU
		{9EAB79F0-FB03-46B8-B2BD-3A6900779AD7}.Release|x86.Build.0 = Release|Any CPU
		{7559D131-68E2-4EB4-A7A8-C9B6A64D1438}.Debug|Any CPU.ActiveCfg = Debug|Any CPU
		{7559D131-68E2-4EB4-A7A8-C9B6A64D1438}.Debug|Any CPU.Build.0 = Debug|Any CPU
		{7559D131-68E2-4EB4-A7A8-C9B6A64D1438}.Debug|x64.ActiveCfg = Debug|Any CPU
		{7559D131-68E2-4EB4-A7A8-C9B6A64D1438}.Debug|x64.Build.0 = Debug|Any CPU
		{7559D131-68E2-4EB4-A7A8-C9B6A64D1438}.Debug|x86.ActiveCfg = Debug|Any CPU
		{7559D131-68E2-4EB4-A7A8-C9B6A64D1438}.Debug|x86.Build.0 = Debug|Any CPU
		{7559D131-68E2-4EB4-A7A8-C9B6A64D1438}.Release|Any CPU.ActiveCfg = Release|Any CPU
		{7559D131-68E2-4EB4-A7A8-C9B6A64D1438}.Release|Any CPU.Build.0 = Release|Any CPU
		{7559D131-68E2-4EB4-A7A8-C9B6A64D1438}.Release|x64.ActiveCfg = Release|Any CPU
		{7559D131-68E2-4EB4-A7A8-C9B6A64D1438}.Release|x64.Build.0 = Release|Any CPU
		{7559D131-68E2-4EB4-A7A8-C9B6A64D1438}.Release|x86.ActiveCfg = Release|Any CPU
		{7559D131-68E2-4EB4-A7A8-C9B6A64D1438}.Release|x86.Build.0 = Release|Any CPU
	EndGlobalSection
	GlobalSection(SolutionProperties) = preSolution
		HideSolutionNode = FALSE
	EndGlobalSection
	GlobalSection(NestedProjects) = preSolution
		{456F3662-7D34-4959-B86D-882665B3F4CC} = {11C8D14A-9680-4EAA-B49D-94F5DFD97DA4}
		{9EAB79F0-FB03-46B8-B2BD-3A6900779AD7} = {92C315EF-FF47-46AD-BEA7-4287F8512DDE}
		{7559D131-68E2-4EB4-A7A8-C9B6A64D1438} = {11C8D14A-9680-4EAA-B49D-94F5DFD97DA4}
	EndGlobalSection
EndGlobal
